{
  "name": "GitHub",
  "lockfileVersion": 2,
  "requires": true,
  "packages": {
    "": {
      "devDependencies": {
        "csv": "^6.3.8",
        "date-fns": "^3.6.0",
        "fs": "^0.0.1-security"
      }
    },
    "node_modules/csv": {
      "version": "6.3.8",
      "resolved": "https://registry.npmjs.org/csv/-/csv-6.3.8.tgz",
      "integrity": "sha512-gRh3yiT9bHBA5ka2yOpyFqAVu/ZpwWzajMUR/es0ljevAE88WyHBuMUy7jzd2o5j6LYQesEO/AyhbQ9BhbDXUA==",
      "dev": true,
      "dependencies": {
        "csv-generate": "^4.4.0",
        "csv-parse": "^5.5.5",
        "csv-stringify": "^6.4.6",
        "stream-transform": "^3.3.1"
      },
      "engines": {
        "node": ">= 0.1.90"
      }
    },
    "node_modules/csv-generate": {
      "version": "4.4.0",
      "resolved": "https://registry.npmjs.org/csv-generate/-/csv-generate-4.4.0.tgz",
      "integrity": "sha512-geM01acNPZ0wr4/9sKev5fCzFG/tsc/NbuFWrhLc47M1zQyUdEJH65+cxTLIVafEwhBjIYwQ7fdOL9roBqVltQ==",
      "dev": true
    },
    "node_modules/csv-parse": {
      "version": "5.5.5",
      "resolved": "https://registry.npmjs.org/csv-parse/-/csv-parse-5.5.5.tgz",
      "integrity": "sha512-erCk7tyU3yLWAhk6wvKxnyPtftuy/6Ak622gOO7BCJ05+TYffnPCJF905wmOQm+BpkX54OdAl8pveJwUdpnCXQ==",
      "dev": true
    },
    "node_modules/csv-stringify": {
      "version": "6.4.6",
      "resolved": "https://registry.npmjs.org/csv-stringify/-/csv-stringify-6.4.6.tgz",
      "integrity": "sha512-h2V2XZ3uOTLilF5dPIptgUfN/o2ia/80Ie0Lly18LAnw5s8Eb7kt8rfxSUy24AztJZas9f6DPZpVlzDUtFt/ag==",
      "dev": true
    },
    "node_modules/date-fns": {
      "version": "3.6.0",
      "resolved": "https://registry.npmjs.org/date-fns/-/date-fns-3.6.0.tgz",
      "integrity": "sha512-fRHTG8g/Gif+kSh50gaGEdToemgfj74aRX3swtiouboip5JDLAyDE9F11nHMIcvOaXeOC6D7SpNhi7uFyB7Uww==",
      "dev": true,
      "funding": {
        "type": "github",
        "url": "https://github.com/sponsors/kossnocorp"
      }
    },
    "node_modules/fs": {
      "version": "0.0.1-security",
      "resolved": "https://registry.npmjs.org/fs/-/fs-0.0.1-security.tgz",
      "integrity": "sha512-3XY9e1pP0CVEUCdj5BmfIZxRBTSDycnbqhIOGec9QYtmVH2fbLpj86CFWkrNOkt/Fvty4KZG5lTglL9j/gJ87w==",
      "dev": true
    },
    "node_modules/stream-transform": {
      "version": "3.3.1",
      "resolved": "https://registry.npmjs.org/stream-transform/-/stream-transform-3.3.1.tgz",
      "integrity": "sha512-BL8pv9QL8Ikd11oZwlRDp1qYMhGR0i50zI9ltoijKGc4ubQWal/Rc4p6SYJp1TBOGpE0uAGchwbxOZ1ycwTuqQ==",
      "dev": true
    }
  },
  "dependencies": {
    "csv": {
      "version": "6.3.8",
      "resolved": "https://registry.npmjs.org/csv/-/csv-6.3.8.tgz",
      "integrity": "sha512-gRh3yiT9bHBA5ka2yOpyFqAVu/ZpwWzajMUR/es0ljevAE88WyHBuMUy7jzd2o5j6LYQesEO/AyhbQ9BhbDXUA==",
      "dev": true,
      "requires": {
        "csv-generate": "^4.4.0",
        "csv-parse": "^5.5.5",
        "csv-stringify": "^6.4.6",
        "stream-transform": "^3.3.1"
      }
    },
    "csv-generate": {
      "version": "4.4.0",
      "resolved": "https://registry.npmjs.org/csv-generate/-/csv-generate-4.4.0.tgz",
      "integrity": "sha512-geM01acNPZ0wr4/9sKev5fCzFG/tsc/NbuFWrhLc47M1zQyUdEJH65+cxTLIVafEwhBjIYwQ7fdOL9roBqVltQ==",
      "dev": true
    },
    "csv-parse": {
      "version": "5.5.5",
      "resolved": "https://registry.npmjs.org/csv-parse/-/csv-parse-5.5.5.tgz",
      "integrity": "sha512-erCk7tyU3yLWAhk6wvKxnyPtftuy/6Ak622gOO7BCJ05+TYffnPCJF905wmOQm+BpkX54OdAl8pveJwUdpnCXQ==",
      "dev": true
    },
    "csv-stringify": {
      "version": "6.4.6",
      "resolved": "https://registry.npmjs.org/csv-stringify/-/csv-stringify-6.4.6.tgz",
      "integrity": "sha512-h2V2XZ3uOTLilF5dPIptgUfN/o2ia/80Ie0Lly18LAnw5s8Eb7kt8rfxSUy24AztJZas9f6DPZpVlzDUtFt/ag==",
      "dev": true
    },
    "date-fns": {
      "version": "3.6.0",
      "resolved": "https://registry.npmjs.org/date-fns/-/date-fns-3.6.0.tgz",
      "integrity": "sha512-fRHTG8g/Gif+kSh50gaGEdToemgfj74aRX3swtiouboip5JDLAyDE9F11nHMIcvOaXeOC6D7SpNhi7uFyB7Uww==",
      "dev": true
    },
    "fs": {
      "version": "0.0.1-security",
      "resolved": "https://registry.npmjs.org/fs/-/fs-0.0.1-security.tgz",
      "integrity": "sha512-3XY9e1pP0CVEUCdj5BmfIZxRBTSDycnbqhIOGec9QYtmVH2fbLpj86CFWkrNOkt/Fvty4KZG5lTglL9j/gJ87w==",
      "dev": true
    },
    "stream-transform": {
      "version": "3.3.1",
      "resolved": "https://registry.npmjs.org/stream-transform/-/stream-transform-3.3.1.tgz",
      "integrity": "sha512-BL8pv9QL8Ikd11oZwlRDp1qYMhGR0i50zI9ltoijKGc4ubQWal/Rc4p6SYJp1TBOGpE0uAGchwbxOZ1ycwTuqQ==",
      "dev": true
    }
  }
}
